{
  "name": "fcso-inmate-list",
  "version": "1.0.0",
  "lockfileVersion": 3,
  "requires": true,
  "packages": {
    "": {
      "name": "fcso-inmate-list",
      "version": "1.0.0",
      "license": "ISC",
      "dependencies": {
        "export-to-csv": "^1.4.0",
        "xlsx": "https://cdn.sheetjs.com/xlsx-0.20.3/xlsx-0.20.3.tgz"
      }
    },
    "node_modules/export-to-csv": {
      "version": "1.4.0",
      "resolved": "https://registry.npmjs.org/export-to-csv/-/export-to-csv-1.4.0.tgz",
      "integrity": "sha512-6CX17Cu+rC2Fi2CyZ4CkgVG3hLl6BFsdAxfXiZkmDFIDY4mRx2y2spdeH6dqPHI9rP+AsHEfGeKz84Uuw7+Pmg==",
      "license": "MIT",
      "engines": {
        "node": "^v12.20.0 || >=v14.13.0"
      }
    },
    "node_modules/xlsx": {
      "version": "0.20.3",
      "resolved": "https://cdn.sheetjs.com/xlsx-0.20.3/xlsx-0.20.3.tgz",
      "integrity": "sha512-oLDq3jw7AcLqKWH2AhCpVTZl8mf6X2YReP+Neh0SJUzV/BdZYjth94tG5toiMB1PPrYtxOCfaoUCkvtuH+3AJA==",
      "license": "Apache-2.0",
      "bin": {
        "xlsx": "bin/xlsx.njs"
      },
      "engines": {
        "node": ">=0.8"
      }
    }
  }
}
